# This file may be used to create an environment using:
# $ conda create --name <env> --file <this file>
# platform: osx-arm64
# created-by: conda 26.1.1
@EXPLICIT
https://conda.anaconda.org/conda-forge/noarch/_r-mutex-1.0.1-anacondar_1.tar.bz2
https://conda.anaconda.org/conda-forge/osx-arm64/bzip2-1.0.8-h4e30115_10.conda
https://conda.anaconda.org/conda-forge/osx-arm64/c-ares-1.34.8-h74c22ad_2.conda
https://conda.anaconda.org/conda-forge/noarch/ca-certificates-2026.7.22-hbd8a1cb_0.conda
https://conda.anaconda.org/conda-forge/noarch/compiler-rt21_osx-arm64-21.1.8-hb8825d9_2.conda
https://conda.anaconda.org/conda-forge/noarch/font-ttf-dejavu-sans-mono-2.37-hab24e00_0.tar.bz2
https://conda.anaconda.org/conda-forge/noarch/font-ttf-inconsolata-3.000-h77eed37_0.tar.bz2
https://conda.anaconda.org/conda-forge/noarch/font-ttf-source-code-pro-2.038-h77eed37_0.tar.bz2
https://conda.anaconda.org/conda-forge/noarch/font-ttf-ubuntu-0.83-h77eed37_3.conda
https://conda.anaconda.org/conda-forge/osx-arm64/fribidi-1.0.16-hb001647_2.conda
https://conda.anaconda.org/conda-forge/osx-arm64/giflib-6.1.3-h74c22ad_2.conda
https://conda.anaconda.org/conda-forge/osx-arm64/icu-78.3-py310h579977c_2.conda
https://conda.anaconda.org/conda-forge/osx-arm64/json-c-0.18-he4178ee_0.conda
https://conda.anaconda.org/conda-forge/osx-arm64/libbrotlicommon-1.2.0-h1dcdb26_4.conda
https://conda.anaconda.org/conda-forge/osx-arm64/libcompiler-rt-21.1.8-hdb3d66b_2.conda
https://conda.anaconda.org/conda-forge/osx-arm64/libcxx-23.1.1-h55c6f16_0.conda
https://conda.anaconda.org/conda-forge/noarch/libcxx-headers-21.1.8-h707e725_3.conda
https://conda.anaconda.org/conda-forge/osx-arm64/libdeflate-1.25-he7e0567_1.conda
https://conda.anaconda.org/conda-forge/osx-arm64/libev-4.33-h1a92334_3.conda
https://conda.anaconda.org/conda-forge/osx-arm64/libexpat-2.8.1-hf6b4638_1.conda
https://conda.anaconda.org/conda-forge/osx-arm64/libffi-3.7.0-h47dc5ef_1.conda
https://conda.anaconda.org/conda-forge/noarch/libgcc-devel_osx-arm64-15.3.0-h647fcfe_105.conda
https://conda.anaconda.org/conda-forge/osx-arm64/libiconv-1.18-he4c29f2_3.conda
https://conda.anaconda.org/conda-forge/osx-arm64/libjpeg-turbo-3.2.0-h84a0fba_1.conda
https://conda.anaconda.org/conda-forge/osx-arm64/liblzma-5.8.3-h8088a28_1.conda
https://conda.anaconda.org/conda-forge/osx-arm64/libmpdec-4.0.0-h84a0fba_2.conda
https://conda.anaconda.org/conda-forge/osx-arm64/libuv-1.52.1-h1a92334_1.conda
https://conda.anaconda.org/conda-forge/osx-arm64/libwebp-base-1.6.0-h202fb40_1.conda
https://conda.anaconda.org/conda-forge/osx-arm64/libzlib-1.3.2-h8088a28_3.conda
https://conda.anaconda.org/conda-forge/osx-arm64/llvm-openmp-23.1.1-hdb3d66b_0.conda
https://conda.anaconda.org/conda-forge/osx-arm64/lzo-2.10-h74c22ad_1003.conda
https://conda.anaconda.org/conda-forge/osx-arm64/make-4.4.1-h84a0fba_3.conda
https://conda.anaconda.org/conda-forge/osx-arm64/ncurses-6.6-he64c551_1.conda
https://conda.anaconda.org/conda-forge/noarch/poppler-data-0.4.12-hd8ed1ab_0.conda
https://conda.anaconda.org/conda-forge/noarch/python_abi-3.13-9_cp313.conda
https://conda.anaconda.org/conda-forge/osx-arm64/rhash-1.4.6-h84a0fba_2.conda
https://conda.anaconda.org/conda-forge/noarch/tzdata-2026c-h151e31d_0.conda
https://conda.anaconda.org/conda-forge/osx-arm64/_openmp_mutex-4.5-8_kmp_llvm.conda
https://conda.anaconda.org/conda-forge/osx-arm64/compiler-rt21-21.1.8-hdb3d66b_2.conda
https://conda.anaconda.org/conda-forge/noarch/compiler-rt_osx-arm64-21.1.8-hce30654_2.conda
https://conda.anaconda.org/conda-forge/noarch/fonts-conda-forge-1-hc364b38_1.conda
https://conda.anaconda.org/conda-forge/osx-arm64/geos-3.14.1-ha834cd8_0.conda
https://conda.anaconda.org/conda-forge/osx-arm64/graphite2-1.3.15-h784d473_1.conda
https://conda.anaconda.org/conda-forge/osx-arm64/lerc-4.2.0-h1eee2c3_0.conda
https://conda.anaconda.org/conda-forge/osx-arm64/libasprintf-0.25.1-h493aca8_0.conda
https://conda.anaconda.org/conda-forge/osx-arm64/libbrotlidec-1.2.0-h5295a6a_4.conda
https://conda.anaconda.org/conda-forge/osx-arm64/libbrotlienc-1.2.0-h2ddc9cb_4.conda
https://conda.anaconda.org/conda-forge/osx-arm64/libcxx-devel-21.1.8-h6dc3340_3.conda
https://conda.anaconda.org/conda-forge/osx-arm64/libedit-3.1.20250104-pl5321h26f1114_1.conda
https://conda.anaconda.org/conda-forge/osx-arm64/libhwy-1.4.0-hd2bdd19_1.conda
https://conda.anaconda.org/conda-forge/osx-arm64/libintl-0.25.1-h493aca8_0.conda
https://conda.anaconda.org/conda-forge/osx-arm64/libpng-1.6.58-hf5e6511_1.conda
https://conda.anaconda.org/conda-forge/osx-arm64/libpsl-0.23.1-hdb0c161_1.conda
https://conda.anaconda.org/conda-forge/osx-arm64/libpython-3.13.15-hb350d79_103_cp313.conda
https://conda.anaconda.org/conda-forge/osx-arm64/libsqlite-3.53.4-hca69786_1.conda
https://conda.anaconda.org/conda-forge/osx-arm64/libudunits2-2.2.28-h5f3f34b_3.conda
https://conda.anaconda.org/conda-forge/osx-arm64/libxml2-16-2.15.4-heb56d2d_0.conda
https://conda.anaconda.org/conda-forge/osx-arm64/lz4-c-1.10.0-hdca3b7d_2.conda
https://conda.anaconda.org/conda-forge/osx-arm64/muparser-2.3.5-h5af64e8_1.conda
https://conda.anaconda.org/conda-forge/osx-arm64/nspr-4.40-hdcbdcf5_0.conda
https://conda.anaconda.org/conda-forge/osx-arm64/openssl-3.6.4-h55eecbc_0.conda
https://conda.anaconda.org/conda-forge/osx-arm64/pcre2-10.47-he63d830_1.conda
https://conda.anaconda.org/conda-forge/osx-arm64/pixman-0.46.4-h784d473_3.conda
https://conda.anaconda.org/conda-forge/osx-arm64/pkg-config-0.29.2-he0b766d_1013.conda
https://conda.anaconda.org/conda-forge/osx-arm64/readline-8.3-h8b90a29_1.conda
https://conda.anaconda.org/conda-forge/osx-arm64/snappy-1.2.2-hada39a4_1.conda
https://conda.anaconda.org/conda-forge/osx-arm64/tapi-1600.0.11.8-hb561403_3.conda
https://conda.anaconda.org/conda-forge/osx-arm64/tk-8.6.13-hbeba79b_4.conda
https://conda.anaconda.org/conda-forge/osx-arm64/uriparser-0.9.8-h00cdb27_0.conda
https://conda.anaconda.org/conda-forge/osx-arm64/xerces-c-3.3.0-h38da0c5_2.conda
https://conda.anaconda.org/conda-forge/osx-arm64/zlib-1.3.2-h8088a28_3.conda
https://conda.anaconda.org/conda-forge/osx-arm64/zstd-1.5.7-hf451053_7.conda
https://conda.anaconda.org/conda-forge/osx-arm64/blosc-1.21.6-h7dd00d9_1.conda
https://conda.anaconda.org/conda-forge/osx-arm64/bwidget-1.10.1-h820172f_3.conda
https://conda.anaconda.org/conda-forge/osx-arm64/compiler-rt-21.1.8-hce30654_2.conda
https://conda.anaconda.org/conda-forge/noarch/fonts-conda-ecosystem-1-0.tar.bz2
https://conda.anaconda.org/conda-forge/osx-arm64/gettext-tools-0.25.1-h493aca8_0.conda
https://conda.anaconda.org/conda-forge/osx-arm64/krb5-1.22.2-h34f8a20_2.conda
https://conda.anaconda.org/conda-forge/osx-arm64/libasprintf-devel-0.25.1-h493aca8_0.conda
https://conda.anaconda.org/conda-forge/osx-arm64/libfreetype6-2.14.3-h2ed5691_2.conda
https://conda.anaconda.org/conda-forge/osx-arm64/libgcc-16.2.0-h3cf6597_5.conda
https://conda.anaconda.org/conda-forge/osx-arm64/libgettextpo-0.25.1-h493aca8_0.conda
https://conda.anaconda.org/conda-forge/osx-arm64/libglib-2.90.0-hccd281b_0.conda
https://conda.anaconda.org/conda-forge/osx-arm64/libintl-devel-0.25.1-h493aca8_0.conda
https://conda.anaconda.org/conda-forge/osx-arm64/libjxl-0.12.0-hb71b141_2.conda
https://conda.anaconda.org/conda-forge/osx-arm64/libkml-1.3.0-hb833057_1023.conda
https://conda.anaconda.org/conda-forge/osx-arm64/libnghttp2-1.68.1-h435687b_1.conda
https://conda.anaconda.org/conda-forge/osx-arm64/librttopo-1.1.0-ha834cd8_21.conda
https://conda.anaconda.org/conda-forge/osx-arm64/libsigtool-0.1.3-h98dc951_1.conda
https://conda.anaconda.org/conda-forge/osx-arm64/libssh2-1.11.1-hbf2880b_1.conda
https://conda.anaconda.org/conda-forge/osx-arm64/libtiff-4.7.2-hf67920b_1.conda
https://conda.anaconda.org/conda-forge/osx-arm64/libxml2-2.15.4-h550178d_0.conda
https://conda.anaconda.org/conda-forge/osx-arm64/minizip-4.2.2-h6a11f2a_1.conda
https://conda.anaconda.org/conda-forge/osx-arm64/nss-3.118-h1c710a3_0.conda
https://conda.anaconda.org/conda-forge/osx-arm64/python-3.13.15-hb59dee6_103_cp313.conda
https://conda.anaconda.org/conda-forge/osx-arm64/sqlite-3.53.4-ha9f7ffe_1.conda
https://conda.anaconda.org/conda-forge/osx-arm64/tktable-2.10-h74c22ad_11.conda
https://conda.anaconda.org/conda-forge/osx-arm64/udunits2-2.2.28-h5f3f34b_3.conda
https://conda.anaconda.org/conda-forge/osx-arm64/freexl-2.0.0-h47dffff_3.conda
https://conda.anaconda.org/conda-forge/osx-arm64/glib-tools-2.90.0-h06d1d6c_0.conda
https://conda.anaconda.org/conda-forge/osx-arm64/lcms2-2.19.1-hce41798_3.conda
https://conda.anaconda.org/conda-forge/osx-arm64/libarchive-3.8.9-gpl_h76147b0_101.conda
https://conda.anaconda.org/conda-forge/osx-arm64/libcurl-8.22.0-h6651222_0.conda
https://conda.anaconda.org/conda-forge/osx-arm64/libfreetype-2.14.3-hce30654_2.conda
https://conda.anaconda.org/conda-forge/osx-arm64/libgettextpo-devel-0.25.1-h493aca8_0.conda
https://conda.anaconda.org/conda-forge/osx-arm64/libgfortran5-16.2.0-hdb7a957_5.conda
https://conda.anaconda.org/conda-forge/osx-arm64/libllvm21-21.1.8-h759d1ac_1.conda
https://conda.anaconda.org/conda-forge/osx-arm64/libllvm23-23.1.1-h759d1ac_0.conda
https://conda.anaconda.org/conda-forge/osx-arm64/libxml2-devel-2.15.4-h550178d_0.conda
https://conda.anaconda.org/conda-forge/osx-arm64/openjpeg-2.5.4-h4d1e80c_2.conda
https://conda.anaconda.org/conda-forge/noarch/packaging-26.3-pyhc364b38_0.conda
https://conda.anaconda.org/conda-forge/noarch/pip-26.2.1-pyh145f28c_0.conda
https://conda.anaconda.org/conda-forge/osx-arm64/sigtool-codesign-0.1.3-h98dc951_1.conda
https://conda.anaconda.org/conda-forge/osx-arm64/cmake-4.4.3-hf91ab31_0.conda
https://conda.anaconda.org/conda-forge/osx-arm64/curl-8.22.0-h6651222_0.conda
https://conda.anaconda.org/conda-forge/osx-arm64/fontconfig-2.18.3-h81aa574_1.conda
https://conda.anaconda.org/conda-forge/osx-arm64/freetype-2.14.3-hce30654_2.conda
https://conda.anaconda.org/conda-forge/osx-arm64/gettext-0.25.1-h3dcc1bd_0.conda
https://conda.anaconda.org/conda-forge/osx-arm64/glib-2.90.0-h37000cc_0.conda
https://conda.anaconda.org/conda-forge/osx-arm64/ld64_osx-arm64-956.6-llvm21_1_h1a10cc4_6.conda
https://conda.anaconda.org/conda-forge/osx-arm64/libclang-cpp21.1-21.1.8-default_h4399b93_6.conda
https://conda.anaconda.org/conda-forge/osx-arm64/libclang-cpp23.1-23.1.1-default_h79071a4_0.conda
https://conda.anaconda.org/conda-forge/osx-arm64/libgfortran-16.2.0-h07b0088_5.conda
https://conda.anaconda.org/conda-forge/osx-arm64/llvm-tools-21-21.1.8-h79441dc_1.conda
https://conda.anaconda.org/conda-forge/osx-arm64/proj-9.8.1-h51dee2d_1.conda
https://conda.anaconda.org/conda-forge/osx-arm64/cairo-1.18.4-h580cee5_3.conda
https://conda.anaconda.org/conda-forge/osx-arm64/clang-21-21.1.8-default_h4399b93_6.conda
https://conda.anaconda.org/conda-forge/osx-arm64/ld64-956.6-llvm21_1_h5d6df6c_6.conda
https://conda.anaconda.org/conda-forge/osx-arm64/libclang13-23.1.1-default_hfbe3a31_0.conda
https://conda.anaconda.org/conda-forge/osx-arm64/libopenblas-0.3.34-openmp_h5e6e99c_1.conda
https://conda.anaconda.org/conda-forge/osx-arm64/libspatialite-5.1.0-gpl_h84d6a01_121.conda
https://conda.anaconda.org/conda-forge/osx-arm64/llvm-tools-21.1.8-hdb3d66b_1.conda
https://conda.anaconda.org/conda-forge/osx-arm64/cctools_impl_osx-arm64-1030.6.3-llvm21_1_h2e2604f_6.conda
https://conda.anaconda.org/conda-forge/osx-arm64/clang-scan-deps-21.1.8-default_h4399b93_6.conda
https://conda.anaconda.org/conda-forge/osx-arm64/libblas-3.11.0-11_h51639a9_openblas.conda
https://conda.anaconda.org/conda-forge/osx-arm64/libgdal-core-3.13.3-h0d10833_1.conda
https://conda.anaconda.org/conda-forge/osx-arm64/libharfbuzz-14.4.0-hcda0f7c_1.conda
https://conda.anaconda.org/conda-forge/osx-arm64/cctools-1030.6.3-llvm21_1_h8e84c17_6.conda
https://conda.anaconda.org/conda-forge/osx-arm64/cctools_osx-arm64-1030.6.3-llvm21_1_h8e84c17_6.conda
https://conda.anaconda.org/conda-forge/osx-arm64/clang_impl_osx-arm64-21.1.8-default_hc11f16d_6.conda
https://conda.anaconda.org/conda-forge/osx-arm64/libcblas-3.11.0-11_hb0561ab_openblas.conda
https://conda.anaconda.org/conda-forge/osx-arm64/libharfbuzz-devel-14.4.0-hcda0f7c_1.conda
https://conda.anaconda.org/conda-forge/osx-arm64/liblapack-3.11.0-11_hd9741b5_openblas.conda
https://conda.anaconda.org/conda-forge/osx-arm64/pango-1.58.2-hf9b25ef_1.conda
https://conda.anaconda.org/conda-forge/osx-arm64/poppler-26.09.0-hb6e6627_0.conda
https://conda.anaconda.org/conda-forge/osx-arm64/clang-21.1.8-default_cfg_h7f0254a_6.conda
https://conda.anaconda.org/conda-forge/osx-arm64/clangxx_impl_osx-arm64-21.1.8-default_hc11f16d_6.conda
https://conda.anaconda.org/conda-forge/osx-arm64/gsl-2.7-h6e638da_0.tar.bz2
https://conda.anaconda.org/conda-forge/osx-arm64/harfbuzz-14.4.0-hce30654_1.conda
https://conda.anaconda.org/conda-forge/osx-arm64/numpy-2.5.3-py313h24c19cf_0.conda
https://conda.anaconda.org/conda-forge/osx-arm64/c-compiler-2.0.0-h39478f8_0.conda
https://conda.anaconda.org/conda-forge/osx-arm64/clangxx-21.1.8-default_cfg_h7f0254a_6.conda
https://conda.anaconda.org/conda-forge/osx-arm64/gcc_impl_osx-arm64-15.3.0-hdd9f9fa_5.conda
https://conda.anaconda.org/conda-forge/osx-arm64/gdal-3.13.3-np2py313h97e9785_1.conda
https://conda.anaconda.org/conda-forge/osx-arm64/conda-gcc-specs-15.3.0-h64e22ab_5.conda
https://conda.anaconda.org/conda-forge/osx-arm64/cxx-compiler-2.0.0-he3883d0_0.conda
https://conda.anaconda.org/conda-forge/osx-arm64/gfortran_impl_osx-arm64-15.3.0-hc97e033_5.conda
https://conda.anaconda.org/conda-forge/osx-arm64/gcc-15.3.0-h500d687_5.conda
https://conda.anaconda.org/conda-forge/osx-arm64/r-base-4.6.0-h35b0bb1_1.conda
https://conda.anaconda.org/conda-forge/osx-arm64/gfortran-15.3.0-h500d687_5.conda
https://conda.anaconda.org/conda-forge/osx-arm64/fortran-compiler-2.0.0-h919a6ed_0.conda
https://conda.anaconda.org/conda-forge/osx-arm64/compilers-2.0.0-hce30654_0.conda
